
Microsoft Visual Studio Solution File, Format Version 12.00
# Visual Studio Version 16
VisualStudioVersion = 16.0.30011.22
MinimumVisualStudioVersion = 10.0.40219.1
Project("{9A19103F-16F7-4668-BE54-9A1E7A4F7556}") = "PingBotCS", "PingBotCS\PingBotCS.csproj", "{EBA729B5-3886-453F-93B6-869DFBB0D3E2}"
EndProject
Global
	GlobalSection(SolutionConfigurationPlatforms) = preSolution
		Debug|Any CPU = Debug|Any CPU
		Release|Any CPU = Release|Any CPU
	EndGlobalSection
	GlobalSection(ProjectConfigurationPlatforms) = postSolution
		{EBA729B5-3886-453F-93B6-869DFBB0D3E2}.Debug|Any CPU.ActiveCfg = Debug|Any CPU
		{EBA729B5-3886-453F-93B6-869DFBB0D3E2}.Debug|Any CPU.Build.0 = Debug|Any CPU
		{EBA729B5-3886-453F-93B6-869DFBB0D3E2}.Release|Any CPU.ActiveCfg = Release|Any CPU
		{EBA729B5-3886-453F-93B6-869DFBB0D3E2}.Release|Any CPU.Build.0 = Release|Any CPU
	EndGlobalSection
	GlobalSection(SolutionProperties) = preSolution
		HideSolutionNode = FALSE
	EndGlobalSection
	GlobalSection(ExtensibilityGlobals) = postSolution
		SolutionGuid = {1E0F86F8-694B-45D1-8124-A58AA250907D}
	EndGlobalSection
EndGlobal
